
Microsoft Visual Studio Solution File, Format Version 12.00
# Visual Studio Version 17
VisualStudioVersion = 17.13.35825.156 d17.13
MinimumVisualStudioVersion = 10.0.40219.1
Project("{FAE04EC0-301F-11D3-BF4B-00C04F79EFBC}") = "users", "users\users.csproj", "{B42FD358-72CF-4059-9E1B-43C85B659DB6}"
EndProject
Global
	GlobalSection(SolutionConfigurationPlatforms) = preSolution
		Debug|Any CPU = Debug|Any CPU
		Release|Any CPU = Release|Any CPU
	EndGlobalSection
	GlobalSection(ProjectConfigurationPlatforms) = postSolution
		{B42FD358-72CF-4059-9E1B-43C85B659DB6}.Debug|Any CPU.ActiveCfg = Debug|Any CPU
		{B42FD358-72CF-4059-9E1B-43C85B659DB6}.Debug|Any CPU.Build.0 = Debug|Any CPU
		{B42FD358-72CF-4059-9E1B-43C85B659DB6}.Release|Any CPU.ActiveCfg = Release|Any CPU
		{B42FD358-72CF-4059-9E1B-43C85B659DB6}.Release|Any CPU.Build.0 = Release|Any CPU
	EndGlobalSection
	GlobalSection(SolutionProperties) = preSolution
		HideSolutionNode = FALSE
	EndGlobalSection
	GlobalSection(ExtensibilityGlobals) = postSolution
		SolutionGuid = {231F6041-8178-46AF-A8FC-9339ED9CCEE4}
	EndGlobalSection
EndGlobal
